# This file was generated by Aiken
# You typically do not need to edit this file

[[requirements]]
name = "Cardano-Fans/acca"
version = "547d9f2381634ef40cb138455a9bcacb31bd829f"
source = "github"

[[packages]]
name = "Cardano-Fans/acca"
version = "547d9f2381634ef40cb138455a9bcacb31bd829f"
requirements = []
source = "github"
