# This file was generated by Aiken
# You typically do not need to edit this file

[[requirements]]
name = "Cardano-Fans/acca"
version = "7fa74a150150920efa4f8e23f7f80715ef071b3a"
source = "github"

[[packages]]
name = "Cardano-Fans/acca"
version = "7fa74a150150920efa4f8e23f7f80715ef071b3a"
requirements = []
source = "github"
