# This file was generated by Aiken
# You typically do not need to edit this file

[[requirements]]
name = "Cardano-Fans/acca"
version = "8bd1b545822a05d7d2295ec794ecb2a4e1aadc7e"
source = "github"

[[packages]]
name = "Cardano-Fans/acca"
version = "8bd1b545822a05d7d2295ec794ecb2a4e1aadc7e"
requirements = []
source = "github"
